// !$*UTF8*$!
{
	archiveVersion = 1;
	classes = {
	};
	objectVersion = 77;
	objects = {

/* Begin PBXContainerItemProxy section */
		FAEF70E92D3C26BB004DC5CE /* PBXContainerItemProxy */ = {
			isa = PBXContainerItemProxy;
			containerPortal = FAEF70D02D3C26B8004DC5CE /* Project object */;
			proxyType = 1;
			remoteGlobalIDString = FAEF70D72D3C26B9004DC5CE;
			remoteInfo = Trackizer;
		};
		FAEF70F32D3C26BB004DC5CE /* PBXContainerItemProxy */ = {
			isa = PBXContainerItemProxy;
			containerPortal = FAEF70D02D3C26B8004DC5CE /* Project object */;
			proxyType = 1;
			remoteGlobalIDString = FAEF70D72D3C26B9004DC5CE;
			remoteInfo = Trackizer;
		};
/* End PBXContainerItemProxy section */

/* Begin PBXFileReference section */
		FAEF70D82D3C26B9004DC5CE /* Trackizer.app */ = {isa = PBXFileReference; explicitFileType = wrapper.application; includeInIndex = 0; path = Trackizer.app; sourceTree = BUILT_PRODUCTS_DIR; };
		FAEF70E82D3C26BB004DC5CE /* TrackizerTests.xctest */ = {isa = PBXFileReference; explicitFileType = wrapper.cfbundle; includeInIndex = 0; path = TrackizerTests.xctest; sourceTree = BUILT_PRODUCTS_DIR; };
		FAEF70F22D3C26BB004DC5CE /* TrackizerUITests.xctest */ = {isa = PBXFileReference; explicitFileType = wrapper.cfbundle; includeInIndex = 0; path = TrackizerUITests.xctest; sourceTree = BUILT_PRODUCTS_DIR; };
/* End PBXFileReference section */

/* Begin PBXFileSystemSynchronizedBuildFileExceptionSet section */
		FAEF71172D3C2AE9004DC5CE /* Exceptions for "Trackizer" folder in "Trackizer" target */ = {
			isa = PBXFileSystemSynchronizedBuildFileExceptionSet;
			membershipExceptions = (
				Info.plist,
			);
			target = FAEF70D72D3C26B9004DC5CE /* Trackizer */;
		};
/* End PBXFileSystemSynchronizedBuildFileExceptionSet section */

/* Begin PBXFileSystemSynchronizedRootGroup section */
		FAEF70DA2D3C26B9004DC5CE /* Trackizer */ = {
			isa = PBXFileSystemSynchronizedRootGroup;
			exceptions = (
				FAEF71172D3C2AE9004DC5CE /* Exceptions for "Trackizer" folder in "Trackizer" target */,
			);
			path = Trackizer;
			sourceTree = "<group>";
		};
		FAEF70EB2D3C26BB004DC5CE /* TrackizerTests */ = {
			isa = PBXFileSystemSynchronizedRootGroup;
			path = TrackizerTests;
			sourceTree = "<group>";
		};
		FAEF70F52D3C26BB004DC5CE /* TrackizerUITests */ = {
			isa = PBXFileSystemSynchronizedRootGroup;
			path = TrackizerUITests;
			sourceTree = "<group>";
		};
/* End PBXFileSystemSynchronizedRootGroup section */

/* Begin PBXFrameworksBuildPhase section */
		FAEF70D52D3C26B9004DC5CE /* Frameworks */ = {
			isa = PBXFrameworksBuildPhase;
			buildActionMask = 2147483647;
			files = (
			);
			runOnlyForDeploymentPostprocessing = 0;
		};
		FAEF70E52D3C26BB004DC5CE /* Frameworks */ = {
			isa = PBXFrameworksBuildPhase;
			buildActionMask = 2147483647;
			files = (
			);
			runOnlyForDeploymentPostprocessing = 0;
		};
		FAEF70EF2D3C26BB004DC5CE /* Frameworks */ = {
			isa = PBXFrameworksBuildPhase;
			buildActionMask = 2147483647;
			files = (
			);
			runOnlyForDeploymentPostprocessing = 0;
		};
/* End PBXFrameworksBuildPhase section */

/* Begin PBXGroup section */
		FAEF70CF2D3C26B8004DC5CE = {
			isa = PBXGroup;
			children = (
				FAEF70DA2D3C26B9004DC5CE /* Trackizer */,
				FAEF70EB2D3C26BB004DC5CE /* TrackizerTests */,
				FAEF70F52D3C26BB004DC5CE /* TrackizerUITests */,
				FAEF70D92D3C26B9004DC5CE /* Products */,
			);
			sourceTree = "<group>";
		};
		FAEF70D92D3C26B9004DC5CE /* Products */ = {
			isa = PBXGroup;
			children = (
				FAEF70D82D3C26B9004DC5CE /* Trackizer.app */,
				FAEF70E82D3C26BB004DC5CE /* TrackizerTests.xctest */,
				FAEF70F22D3C26BB004DC5CE /* TrackizerUITests.xctest */,
			);
			name = Products;
			sourceTree = "<group>";
		};
/* End PBXGroup section */

/* Begin PBXNativeTarget section */
		FAEF70D72D3C26B9004DC5CE /* Trackizer */ = {
			isa = PBXNativeTarget;
			buildConfigurationList = FAEF70FC2D3C26BB004DC5CE /* Build configuration list for PBXNativeTarget "Trackizer" */;
			buildPhases = (
				FAEF70D42D3C26B9004DC5CE /* Sources */,
				FAEF70D52D3C26B9004DC5CE /* Frameworks */,
				FAEF70D62D3C26B9004DC5CE /* Resources */,
			);
			buildRules = (
			);
			dependencies = (
			);
			fileSystemSynchronizedGroups = (
				FAEF70DA2D3C26B9004DC5CE /* Trackizer */,
			);
			name = Trackizer;
			packageProductDependencies = (
			);
			productName = Trackizer;
			productReference = FAEF70D82D3C26B9004DC5CE /* Trackizer.app */;
			productType = "com.apple.product-type.application";
		};
		FAEF70E72D3C26BB004DC5CE /* TrackizerTests */ = {
			isa = PBXNativeTarget;
			buildConfigurationList = FAEF70FF2D3C26BB004DC5CE /* Build configuration list for PBXNativeTarget "TrackizerTests" */;
			buildPhases = (
				FAEF70E42D3C26BB004DC5CE /* Sources */,
				FAEF70E52D3C26BB004DC5CE /* Frameworks */,
				FAEF70E62D3C26BB004DC5CE /* Resources */,
			);
			buildRules = (
			);
			dependencies = (
				FAEF70EA2D3C26BB004DC5CE /* PBXTargetDependency */,
			);
			fileSystemSynchronizedGroups = (
				FAEF70EB2D3C26BB004DC5CE /* TrackizerTests */,
			);
			name = TrackizerTests;
			packageProductDependencies = (
			);
			productName = TrackizerTests;
			productReference = FAEF70E82D3C26BB004DC5CE /* TrackizerTests.xctest */;
			productType = "com.apple.product-type.bundle.unit-test";
		};
		FAEF70F12D3C26BB004DC5CE /* TrackizerUITests */ = {
			isa = PBXNativeTarget;
			buildConfigurationList = FAEF71022D3C26BB004DC5CE /* Build configuration list for PBXNativeTarget "TrackizerUITests" */;
			buildPhases = (
				FAEF70EE2D3C26BB004DC5CE /* Sources */,
				FAEF70EF2D3C26BB004DC5CE /* Frameworks */,
				FAEF70F02D3C26BB004DC5CE /* Resources */,
			);
			buildRules = (
			);
			dependencies = (
				FAEF70F42D3C26BB004DC5CE /* PBXTargetDependency */,
			);
			fileSystemSynchronizedGroups = (
				FAEF70F52D3C26BB004DC5CE /* TrackizerUITests */,
			);
			name = TrackizerUITests;
			packageProductDependencies = (
			);
			productName = TrackizerUITests;
			productReference = FAEF70F22D3C26BB004DC5CE /* TrackizerUITests.xctest */;
			productType = "com.apple.product-type.bundle.ui-testing";
		};
/* End PBXNativeTarget section */

/* Begin PBXProject section */
		FAEF70D02D3C26B8004DC5CE /* Project object */ = {
			isa = PBXProject;
			attributes = {
				BuildIndependentTargetsInParallel = 1;
				LastSwiftUpdateCheck = 1600;
				LastUpgradeCheck = 1600;
				TargetAttributes = {
					FAEF70D72D3C26B9004DC5CE = {
						CreatedOnToolsVersion = 16.0;
					};
					FAEF70E72D3C26BB004DC5CE = {
						CreatedOnToolsVersion = 16.0;
						TestTargetID = FAEF70D72D3C26B9004DC5CE;
					};
					FAEF70F12D3C26BB004DC5CE = {
						CreatedOnToolsVersion = 16.0;
						TestTargetID = FAEF70D72D3C26B9004DC5CE;
					};
				};
			};
			buildConfigurationList = FAEF70D32D3C26B8004DC5CE /* Build configuration list for PBXProject "Trackizer" */;
			developmentRegion = en;
			hasScannedForEncodings = 0;
			knownRegions = (
				en,
				Base,
			);
			mainGroup = FAEF70CF2D3C26B8004DC5CE;
			minimizedProjectReferenceProxies = 1;
			preferredProjectObjectVersion = 77;
			productRefGroup = FAEF70D92D3C26B9004DC5CE /* Products */;
			projectDirPath = "";
			projectRoot = "";
			targets = (
				FAEF70D72D3C26B9004DC5CE /* Trackizer */,
				FAEF70E72D3C26BB004DC5CE /* TrackizerTests */,
				FAEF70F12D3C26BB004DC5CE /* TrackizerUITests */,
			);
		};
/* End PBXProject section */

/* Begin PBXResourcesBuildPhase section */
		FAEF70D62D3C26B9004DC5CE /* Resources */ = {
			isa = PBXResourcesBuildPhase;
			buildActionMask = 2147483647;
			files = (
			);
			runOnlyForDeploymentPostprocessing = 0;
		};
		FAEF70E62D3C26BB004DC5CE /* Resources */ = {
			isa = PBXResourcesBuildPhase;
			buildActionMask = 2147483647;
			files = (
			);
			runOnlyForDeploymentPostprocessing = 0;
		};
		FAEF70F02D3C26BB004DC5CE /* Resources */ = {
			isa = PBXResourcesBuildPhase;
			buildActionMask = 2147483647;
			files = (
			);
			runOnlyForDeploymentPostprocessing = 0;
		};
/* End PBXResourcesBuildPhase section */

/* Begin PBXSourcesBuildPhase section */
		FAEF70D42D3C26B9004DC5CE /* Sources */ = {
			isa = PBXSourcesBuildPhase;
			buildActionMask = 2147483647;
			files = (
			);
			runOnlyForDeploymentPostprocessing = 0;
		};
		FAEF70E42D3C26BB004DC5CE /* Sources */ = {
			isa = PBXSourcesBuildPhase;
			buildActionMask = 2147483647;
			files = (
			);
			runOnlyForDeploymentPostprocessing = 0;
		};
		FAEF70EE2D3C26BB004DC5CE /* Sources */ = {
			isa = PBXSourcesBuildPhase;
			buildActionMask = 2147483647;
			files = (
			);
			runOnlyForDeploymentPostprocessing = 0;
		};
/* End PBXSourcesBuildPhase section */

/* Begin PBXTargetDependency section */
		FAEF70EA2D3C26BB004DC5CE /* PBXTargetDependency */ = {
			isa = PBXTargetDependency;
			target = FAEF70D72D3C26B9004DC5CE /* Trackizer */;
			targetProxy = FAEF70E92D3C26BB004DC5CE /* PBXContainerItemProxy */;
		};
		FAEF70F42D3C26BB004DC5CE /* PBXTargetDependency */ = {
			isa = PBXTargetDependency;
			target = FAEF70D72D3C26B9004DC5CE /* Trackizer */;
			targetProxy = FAEF70F32D3C26BB004DC5CE /* PBXContainerItemProxy */;
		};
/* End PBXTargetDependency section */

/* Begin XCBuildConfiguration section */
		FAEF70FA2D3C26BB004DC5CE /* Debug */ = {
			isa = XCBuildConfiguration;
			buildSettings = {
				ALWAYS_SEARCH_USER_PATHS = NO;
				ASSETCATALOG_COMPILER_GENERATE_SWIFT_ASSET_SYMBOL_EXTENSIONS = YES;
				CLANG_ANALYZER_NONNULL = YES;
				CLANG_ANALYZER_NUMBER_OBJECT_CONVERSION = YES_AGGRESSIVE;
				CLANG_CXX_LANGUAGE_STANDARD = "gnu++20";
				CLANG_ENABLE_MODULES = YES;
				CLANG_ENABLE_OBJC_ARC = YES;
				CLANG_ENABLE_OBJC_WEAK = YES;
				CLANG_WARN_BLOCK_CAPTURE_AUTORELEASING = YES;
				CLANG_WARN_BOOL_CONVERSION = YES;
				CLANG_WARN_COMMA = YES;
				CLANG_WARN_CONSTANT_CONVERSION = YES;
				CLANG_WARN_DEPRECATED_OBJC_IMPLEMENTATIONS = YES;
				CLANG_WARN_DIRECT_OBJC_ISA_USAGE = YES_ERROR;
				CLANG_WARN_DOCUMENTATION_COMMENTS = YES;
				CLANG_WARN_EMPTY_BODY = YES;
				CLANG_WARN_ENUM_CONVERSION = YES;
				CLANG_WARN_INFINITE_RECURSION = YES;
				CLANG_WARN_INT_CONVERSION = YES;
				CLANG_WARN_NON_LITERAL_NULL_CONVERSION = YES;
				CLANG_WARN_OBJC_IMPLICIT_RETAIN_SELF = YES;
				CLANG_WARN_OBJC_LITERAL_CONVERSION = YES;
				CLANG_WARN_OBJC_ROOT_CLASS = YES_ERROR;
				CLANG_WARN_QUOTED_INCLUDE_IN_FRAMEWORK_HEADER = YES;
				CLANG_WARN_RANGE_LOOP_ANALYSIS = YES;
				CLANG_WARN_STRICT_PROTOTYPES = YES;
				CLANG_WARN_SUSPICIOUS_MOVE = YES;
				CLANG_WARN_UNGUARDED_AVAILABILITY = YES_AGGRESSIVE;
				CLANG_WARN_UNREACHABLE_CODE = YES;
				CLANG_WARN__DUPLICATE_METHOD_MATCH = YES;
				COPY_PHASE_STRIP = NO;
				DEBUG_INFORMATION_FORMAT = dwarf;
				ENABLE_STRICT_OBJC_MSGSEND = YES;
				ENABLE_TESTABILITY = YES;
				ENABLE_USER_SCRIPT_SANDBOXING = YES;
				GCC_C_LANGUAGE_STANDARD = gnu17;
				GCC_DYNAMIC_NO_PIC = NO;
				GCC_NO_COMMON_BLOCKS = YES;
				GCC_OPTIMIZATION_LEVEL = 0;
				GCC_PREPROCESSOR_DEFINITIONS = (
					"DEBUG=1",
					"$(inherited)",
				);
				GCC_WARN_64_TO_32_BIT_CONVERSION = YES;
				GCC_WARN_ABOUT_RETURN_TYPE = YES_ERROR;
				GCC_WARN_UNDECLARED_SELECTOR = YES;
				GCC_WARN_UNINITIALIZED_AUTOS = YES_AGGRESSIVE;
				GCC_WARN_UNUSED_FUNCTION = YES;
				GCC_WARN_UNUSED_VARIABLE = YES;
				IPHONEOS_DEPLOYMENT_TARGET = 18.0;
				LOCALIZATION_PREFERS_STRING_CATALOGS = YES;
				MTL_ENABLE_DEBUG_INFO = INCLUDE_SOURCE;
				MTL_FAST_MATH = YES;
				ONLY_ACTIVE_ARCH = YES;
				SDKROOT = iphoneos;
				SWIFT_ACTIVE_COMPILATION_CONDITIONS = "DEBUG $(inherited)";
				SWIFT_OPTIMIZATION_LEVEL = "-Onone";
			};
			name = Debug;
		};
		FAEF70FB2D3C26BB004DC5CE /* Release */ = {
			isa = XCBuildConfiguration;
			buildSettings = {
				ALWAYS_SEARCH_USER_PATHS = NO;
				ASSETCATALOG_COMPILER_GENERATE_SWIFT_ASSET_SYMBOL_EXTENSIONS = YES;
				CLANG_ANALYZER_NONNULL = YES;
				CLANG_ANALYZER_NUMBER_OBJECT_CONVERSION = YES_AGGRESSIVE;
				CLANG_CXX_LANGUAGE_STANDARD = "gnu++20";
				CLANG_ENABLE_MODULES = YES;
				CLANG_ENABLE_OBJC_ARC = YES;
				CLANG_ENABLE_OBJC_WEAK = YES;
				CLANG_WARN_BLOCK_CAPTURE_AUTORELEASING = YES;
				CLANG_WARN_BOOL_CONVERSION = YES;
				CLANG_WARN_COMMA = YES;
				CLANG_WARN_CONSTANT_CONVERSION = YES;
				CLANG_WARN_DEPRECATED_OBJC_IMPLEMENTATIONS = YES;
				CLANG_WARN_DIRECT_OBJC_ISA_USAGE = YES_ERROR;
				CLANG_WARN_DOCUMENTATION_COMMENTS = YES;
				CLANG_WARN_EMPTY_BODY = YES;
				CLANG_WARN_ENUM_CONVERSION = YES;
				CLANG_WARN_INFINITE_RECURSION = YES;
				CLANG_WARN_INT_CONVERSION = YES;
				CLANG_WARN_NON_LITERAL_NULL_CONVERSION = YES;
				CLANG_WARN_OBJC_IMPLICIT_RETAIN_SELF = YES;
				CLANG_WARN_OBJC_LITERAL_CONVERSION = YES;
				CLANG_WARN_OBJC_ROOT_CLASS = YES_ERROR;
				CLANG_WARN_QUOTED_INCLUDE_IN_FRAMEWORK_HEADER = YES;
				CLANG_WARN_RANGE_LOOP_ANALYSIS = YES;
				CLANG_WARN_STRICT_PROTOTYPES = YES;
				CLANG_WARN_SUSPICIOUS_MOVE = YES;
				CLANG_WARN_UNGUARDED_AVAILABILITY = YES_AGGRESSIVE;
				CLANG_WARN_UNREACHABLE_CODE = YES;
				CLANG_WARN__DUPLICATE_METHOD_MATCH = YES;
				COPY_PHASE_STRIP = NO;
				DEBUG_INFORMATION_FORMAT = "dwarf-with-dsym";
				ENABLE_NS_ASSERTIONS = NO;
				ENABLE_STRICT_OBJC_MSGSEND = YES;
				ENABLE_USER_SCRIPT_SANDBOXING = YES;
				GCC_C_LANGUAGE_STANDARD = gnu17;
				GCC_NO_COMMON_BLOCKS = YES;
				GCC_WARN_64_TO_32_BIT_CONVERSION = YES;
				GCC_WARN_ABOUT_RETURN_TYPE = YES_ERROR;
				GCC_WARN_UNDECLARED_SELECTOR = YES;
				GCC_WARN_UNINITIALIZED_AUTOS = YES_AGGRESSIVE;
				GCC_WARN_UNUSED_FUNCTION = YES;
				GCC_WARN_UNUSED_VARIABLE = YES;
				IPHONEOS_DEPLOYMENT_TARGET = 18.0;
				LOCALIZATION_PREFERS_STRING_CATALOGS = YES;
				MTL_ENABLE_DEBUG_INFO = NO;
				MTL_FAST_MATH = YES;
				SDKROOT = iphoneos;
				SWIFT_COMPILATION_MODE = wholemodule;
				VALIDATE_PRODUCT = YES;
			};
			name = Release;
		};
		FAEF70FD2D3C26BB004DC5CE /* Debug */ = {
			isa = XCBuildConfiguration;
			buildSettings = {
				ASSETCATALOG_COMPILER_APPICON_NAME = AppIcon;
				ASSETCATALOG_COMPILER_GLOBAL_ACCENT_COLOR_NAME = AccentColor;
				CODE_SIGN_STYLE = Automatic;
				CURRENT_PROJECT_VERSION = 1;
				DEVELOPMENT_ASSET_PATHS = "\"Trackizer/Preview Content\"";
				ENABLE_PREVIEWS = YES;
				GENERATE_INFOPLIST_FILE = YES;
				INFOPLIST_FILE = Trackizer/Info.plist;
				INFOPLIST_KEY_UIApplicationSceneManifest_Generation = YES;
				INFOPLIST_KEY_UIApplicationSupportsIndirectInputEvents = YES;
				INFOPLIST_KEY_UILaunchScreen_Generation = YES;
				INFOPLIST_KEY_UISupportedInterfaceOrientations_iPad = "UIInterfaceOrientationPortrait UIInterfaceOrientationPortraitUpsideDown UIInterfaceOrientationLandscapeLeft UIInterfaceOrientationLandscapeRight";
				INFOPLIST_KEY_UISupportedInterfaceOrientations_iPhone = "UIInterfaceOrientationPortrait UIInterfaceOrientationLandscapeLeft UIInterfaceOrientationLandscapeRight";
				LD_RUNPATH_SEARCH_PATHS = (
					"$(inherited)",
					"@executable_path/Frameworks",
				);
				MARKETING_VERSION = 1.0;
				PRODUCT_BUNDLE_IDENTIFIER = com.berkayemreaslan.Trackizer;
				PRODUCT_NAME = "$(TARGET_NAME)";
				SWIFT_EMIT_LOC_STRINGS = YES;
				SWIFT_VERSION = 5.0;
				TARGETED_DEVICE_FAMILY = "1,2";
			};
			name = Debug;
		};
		FAEF70FE2D3C26BB004DC5CE /* Release */ = {
			isa = XCBuildConfiguration;
			buildSettings = {
				ASSETCATALOG_COMPILER_APPICON_NAME = AppIcon;
				ASSETCATALOG_COMPILER_GLOBAL_ACCENT_COLOR_NAME = AccentColor;
				CODE_SIGN_STYLE = Automatic;
				CURRENT_PROJECT_VERSION = 1;
				DEVELOPMENT_ASSET_PATHS = "\"Trackizer/Preview Content\"";
				ENABLE_PREVIEWS = YES;
				GENERATE_INFOPLIST_FILE = YES;
				INFOPLIST_FILE = Trackizer/Info.plist;
				INFOPLIST_KEY_UIApplicationSceneManifest_Generation = YES;
				INFOPLIST_KEY_UIApplicationSupportsIndirectInputEvents = YES;
				INFOPLIST_KEY_UILaunchScreen_Generation = YES;
				INFOPLIST_KEY_UISupportedInterfaceOrientations_iPad = "UIInterfaceOrientationPortrait UIInterfaceOrientationPortraitUpsideDown UIInterfaceOrientationLandscapeLeft UIInterfaceOrientationLandscapeRight";
				INFOPLIST_KEY_UISupportedInterfaceOrientations_iPhone = "UIInterfaceOrientationPortrait UIInterfaceOrientationLandscapeLeft UIInterfaceOrientationLandscapeRight";
				LD_RUNPATH_SEARCH_PATHS = (
					"$(inherited)",
					"@executable_path/Frameworks",
				);
				MARKETING_VERSION = 1.0;
				PRODUCT_BUNDLE_IDENTIFIER = com.berkayemreaslan.Trackizer;
				PRODUCT_NAME = "$(TARGET_NAME)";
				SWIFT_EMIT_LOC_STRINGS = YES;
				SWIFT_VERSION = 5.0;
				TARGETED_DEVICE_FAMILY = "1,2";
			};
			name = Release;
		};
		FAEF71002D3C26BB004DC5CE /* Debug */ = {
			isa = XCBuildConfiguration;
			buildSettings = {
				BUNDLE_LOADER = "$(TEST_HOST)";
				CODE_SIGN_STYLE = Automatic;
				CURRENT_PROJECT_VERSION = 1;
				GENERATE_INFOPLIST_FILE = YES;
				IPHONEOS_DEPLOYMENT_TARGET = 18.0;
				MARKETING_VERSION = 1.0;
				PRODUCT_BUNDLE_IDENTIFIER = com.berkayemreaslan.TrackizerTests;
				PRODUCT_NAME = "$(TARGET_NAME)";
				SWIFT_EMIT_LOC_STRINGS = NO;
				SWIFT_VERSION = 5.0;
				TARGETED_DEVICE_FAMILY = "1,2";
				TEST_HOST = "$(BUILT_PRODUCTS_DIR)/Trackizer.app/$(BUNDLE_EXECUTABLE_FOLDER_PATH)/Trackizer";
			};
			name = Debug;
		};
		FAEF71012D3C26BB004DC5CE /* Release */ = {
			isa = XCBuildConfiguration;
			buildSettings = {
				BUNDLE_LOADER = "$(TEST_HOST)";
				CODE_SIGN_STYLE = Automatic;
				CURRENT_PROJECT_VERSION = 1;
				GENERATE_INFOPLIST_FILE = YES;
				IPHONEOS_DEPLOYMENT_TARGET = 18.0;
				MARKETING_VERSION = 1.0;
				PRODUCT_BUNDLE_IDENTIFIER = com.berkayemreaslan.TrackizerTests;
				PRODUCT_NAME = "$(TARGET_NAME)";
				SWIFT_EMIT_LOC_STRINGS = NO;
				SWIFT_VERSION = 5.0;
				TARGETED_DEVICE_FAMILY = "1,2";
				TEST_HOST = "$(BUILT_PRODUCTS_DIR)/Trackizer.app/$(BUNDLE_EXECUTABLE_FOLDER_PATH)/Trackizer";
			};
			name = Release;
		};
		FAEF71032D3C26BB004DC5CE /* Debug */ = {
			isa = XCBuildConfiguration;
			buildSettings = {
				CODE_SIGN_STYLE = Automatic;
				CURRENT_PROJECT_VERSION = 1;
				GENERATE_INFOPLIST_FILE = YES;
				MARKETING_VERSION = 1.0;
				PRODUCT_BUNDLE_IDENTIFIER = com.berkayemreaslan.TrackizerUITests;
				PRODUCT_NAME = "$(TARGET_NAME)";
				SWIFT_EMIT_LOC_STRINGS = NO;
				SWIFT_VERSION = 5.0;
				TARGETED_DEVICE_FAMILY = "1,2";
				TEST_TARGET_NAME = Trackizer;
			};
			name = Debug;
		};
		FAEF71042D3C26BB004DC5CE /* Release */ = {
			isa = XCBuildConfiguration;
			buildSettings = {
				CODE_SIGN_STYLE = Automatic;
				CURRENT_PROJECT_VERSION = 1;
				GENERATE_INFOPLIST_FILE = YES;
				MARKETING_VERSION = 1.0;
				PRODUCT_BUNDLE_IDENTIFIER = com.berkayemreaslan.TrackizerUITests;
				PRODUCT_NAME = "$(TARGET_NAME)";
				SWIFT_EMIT_LOC_STRINGS = NO;
				SWIFT_VERSION = 5.0;
				TARGETED_DEVICE_FAMILY = "1,2";
				TEST_TARGET_NAME = Trackizer;
			};
			name = Release;
		};
/* End XCBuildConfiguration section */

/* Begin XCConfigurationList section */
		FAEF70D32D3C26B8004DC5CE /* Build configuration list for PBXProject "Trackizer" */ = {
			isa = XCConfigurationList;
			buildConfigurations = (
				FAEF70FA2D3C26BB004DC5CE /* Debug */,
				FAEF70FB2D3C26BB004DC5CE /* Release */,
			);
			defaultConfigurationIsVisible = 0;
			defaultConfigurationName = Release;
		};
		FAEF70FC2D3C26BB004DC5CE /* Build configuration list for PBXNativeTarget "Trackizer" */ = {
			isa = XCConfigurationList;
			buildConfigurations = (
				FAEF70FD2D3C26BB004DC5CE /* Debug */,
				FAEF70FE2D3C26BB004DC5CE /* Release */,
			);
			defaultConfigurationIsVisible = 0;
			defaultConfigurationName = Release;
		};
		FAEF70FF2D3C26BB004DC5CE /* Build configuration list for PBXNativeTarget "TrackizerTests" */ = {
			isa = XCConfigurationList;
			buildConfigurations = (
				FAEF71002D3C26BB004DC5CE /* Debug */,
				FAEF71012D3C26BB004DC5CE /* Release */,
			);
			defaultConfigurationIsVisible = 0;
			defaultConfigurationName = Release;
		};
		FAEF71022D3C26BB004DC5CE /* Build configuration list for PBXNativeTarget "TrackizerUITests" */ = {
			isa = XCConfigurationList;
			buildConfigurations = (
				FAEF71032D3C26BB004DC5CE /* Debug */,
				FAEF71042D3C26BB004DC5CE /* Release */,
			);
			defaultConfigurationIsVisible = 0;
			defaultConfigurationName = Release;
		};
/* End XCConfigurationList section */
	};
	rootObject = FAEF70D02D3C26B8004DC5CE /* Project object */;
}
